
Microsoft Visual Studio Solution File, Format Version 12.00
# Visual Studio Version 17
VisualStudioVersion = 17.0.31612.314
MinimumVisualStudioVersion = 10.0.40219.1
Project("{FAE04EC0-301F-11D3-BF4B-00C04F79EFBC}") = "Language2", "Language2\Language2.csproj", "{43E5F944-A322-47A5-838F-67602998A40D}"
EndProject
Global
	GlobalSection(SolutionConfigurationPlatforms) = preSolution
		Debug|Any CPU = Debug|Any CPU
		Release|Any CPU = Release|Any CPU
	EndGlobalSection
	GlobalSection(ProjectConfigurationPlatforms) = postSolution
		{43E5F944-A322-47A5-838F-67602998A40D}.Debug|Any CPU.ActiveCfg = Debug|Any CPU
		{43E5F944-A322-47A5-838F-67602998A40D}.Debug|Any CPU.Build.0 = Debug|Any CPU
		{43E5F944-A322-47A5-838F-67602998A40D}.Release|Any CPU.ActiveCfg = Release|Any CPU
		{43E5F944-A322-47A5-838F-67602998A40D}.Release|Any CPU.Build.0 = Release|Any CPU
	EndGlobalSection
	GlobalSection(SolutionProperties) = preSolution
		HideSolutionNode = FALSE
	EndGlobalSection
	GlobalSection(ExtensibilityGlobals) = postSolution
		SolutionGuid = {48F7E1D7-3133-4DBE-B852-8000248C0410}
	EndGlobalSection
EndGlobal
